
Microsoft Visual Studio Solution File, Format Version 11.00
# Visual Basic Express 2010
Project("{F184B08F-C81C-45F6-A57F-5ABD9991F28F}") = "Eran", "Eran\Eran.vbproj", "{7A6510B9-0E51-453E-B57C-678C38674484}"
EndProject
Global
	GlobalSection(SolutionConfigurationPlatforms) = preSolution
		Debug|x84 = Debug|x84
		Release|x84 = Release|x84
	EndGlobalSection
	GlobalSection(ProjectConfigurationPlatforms) = postSolution
		{7A6510B9-0E51-453E-B57C-678C38674484}.Debug|x84.ActiveCfg = Debug|x84
		{7A6510B9-0E51-453E-B57C-678C38674484}.Debug|x84.Build.0 = Debug|x84
		{7A6510B9-0E51-453E-B57C-678C38674484}.Release|x84.ActiveCfg = Release|x84
		{7A6510B9-0E51-453E-B57C-678C38674484}.Release|x84.Build.0 = Release|x84
	EndGlobalSection
	GlobalSection(SolutionProperties) = preSolution
		HideSolutionNode = FALSE
	EndGlobalSection
EndGlobal
