
Microsoft Visual Studio Solution File, Format Version 11.00
# Visual Basic Express 2010
Project("{F184B08F-C81C-45F6-A57F-5ABD9991F28F}") = "Eran Server", "Eran Server\Eran Server.vbproj", "{DD1DBF43-4886-4EB6-8035-B9EA4382B34A}"
EndProject
Global
	GlobalSection(SolutionConfigurationPlatforms) = preSolution
		Debug|Any CPU = Debug|Any CPU
		Release|Any CPU = Release|Any CPU
	EndGlobalSection
	GlobalSection(ProjectConfigurationPlatforms) = postSolution
		{DD1DBF43-4886-4EB6-8035-B9EA4382B34A}.Debug|Any CPU.ActiveCfg = Debug|Any CPU
		{DD1DBF43-4886-4EB6-8035-B9EA4382B34A}.Debug|Any CPU.Build.0 = Debug|Any CPU
		{DD1DBF43-4886-4EB6-8035-B9EA4382B34A}.Release|Any CPU.ActiveCfg = Release|Any CPU
		{DD1DBF43-4886-4EB6-8035-B9EA4382B34A}.Release|Any CPU.Build.0 = Release|Any CPU
	EndGlobalSection
	GlobalSection(SolutionProperties) = preSolution
		HideSolutionNode = FALSE
	EndGlobalSection
EndGlobal
